
Microsoft Visual Studio Solution File, Format Version 12.00
# Visual Studio Version 16
VisualStudioVersion = 16.0.31112.23
MinimumVisualStudioVersion = 10.0.40219.1
Project("{F184B08F-C81C-45F6-A57F-5ABD9991F28F}") = "Sistem Akademik", "Sistem Akademik.vbproj", "{A8F5212A-5E89-432F-BBDB-C9B915C09D06}"
EndProject
Global
	GlobalSection(SolutionConfigurationPlatforms) = preSolution
		Debug|Any CPU = Debug|Any CPU
		Release|Any CPU = Release|Any CPU
	EndGlobalSection
	GlobalSection(ProjectConfigurationPlatforms) = postSolution
		{A8F5212A-5E89-432F-BBDB-C9B915C09D06}.Debug|Any CPU.ActiveCfg = Debug|Any CPU
		{A8F5212A-5E89-432F-BBDB-C9B915C09D06}.Debug|Any CPU.Build.0 = Debug|Any CPU
		{A8F5212A-5E89-432F-BBDB-C9B915C09D06}.Release|Any CPU.ActiveCfg = Release|Any CPU
		{A8F5212A-5E89-432F-BBDB-C9B915C09D06}.Release|Any CPU.Build.0 = Release|Any CPU
	EndGlobalSection
	GlobalSection(SolutionProperties) = preSolution
		HideSolutionNode = FALSE
	EndGlobalSection
	GlobalSection(ExtensibilityGlobals) = postSolution
		SolutionGuid = {6810B14F-A830-4DF0-8522-E2731F498DAC}
	EndGlobalSection
EndGlobal
